// !$*UTF8*$!
{
	archiveVersion = 1;
	classes = {
	};
	objectVersion = 70;
	objects = {

/* Begin PBXBuildFile section */
		7F0C280F2C78FFDD00D0873B /* OnyxColor.swift in Sources */ = {isa = PBXBuildFile; fileRef = 7F0C280D2C78FFDD00D0873B /* OnyxColor.swift */; };
		7F0C28102C78FFDD00D0873B /* QuestionButtonView.swift in Sources */ = {isa = PBXBuildFile; fileRef = 7F0C280E2C78FFDD00D0873B /* QuestionButtonView.swift */; };
		7F80A6E92C78CCD000DDD37C /* WelcomeView.swift in Sources */ = {isa = PBXBuildFile; fileRef = 7F80A6E82C78CCD000DDD37C /* WelcomeView.swift */; };
		7F9A82012C70E22D00C3E326 /* Game.swift in Sources */ = {isa = PBXBuildFile; fileRef = 7F9A82002C70E22D00C3E326 /* Game.swift */; };
		7FC6D1ED2C5C1F730009B503 /* Onyx_CodeApp.swift in Sources */ = {isa = PBXBuildFile; fileRef = 7FC6D1EC2C5C1F730009B503 /* Onyx_CodeApp.swift */; };
		7FC6D1EF2C5C1F730009B503 /* GameView.swift in Sources */ = {isa = PBXBuildFile; fileRef = 7FC6D1EE2C5C1F730009B503 /* GameView.swift */; };
		7FC6D1F12C5C1F750009B503 /* Assets.xcassets in Resources */ = {isa = PBXBuildFile; fileRef = 7FC6D1F02C5C1F750009B503 /* Assets.xcassets */; };
		7FC6D1F42C5C1F750009B503 /* Preview Assets.xcassets in Resources */ = {isa = PBXBuildFile; fileRef = 7FC6D1F32C5C1F750009B503 /* Preview Assets.xcassets */; };
		7FC6D1FE2C5C1F750009B503 /* Onyx_CodeTests.swift in Sources */ = {isa = PBXBuildFile; fileRef = 7FC6D1FD2C5C1F750009B503 /* Onyx_CodeTests.swift */; };
		7FC6D2082C5C1F750009B503 /* Onyx_CodeUITests.swift in Sources */ = {isa = PBXBuildFile; fileRef = 7FC6D2072C5C1F750009B503 /* Onyx_CodeUITests.swift */; };
		7FC6D20A2C5C1F750009B503 /* Onyx_CodeUITestsLaunchTests.swift in Sources */ = {isa = PBXBuildFile; fileRef = 7FC6D2092C5C1F750009B503 /* Onyx_CodeUITestsLaunchTests.swift */; };
		7FD983DD2C78EB12002705C6 /* QuestionView.swift in Sources */ = {isa = PBXBuildFile; fileRef = 7FD983DC2C78EB12002705C6 /* QuestionView.swift */; };
		7FD983DF2C78EEE4002705C6 /* BottomTextView.swift in Sources */ = {isa = PBXBuildFile; fileRef = 7FD983DE2C78EEE4002705C6 /* BottomTextView.swift */; };
		7FD983E22C78FA6F002705C6 /* ScoreView.swift in Sources */ = {isa = PBXBuildFile; fileRef = 7FD983E12C78FA6F002705C6 /* ScoreView.swift */; };
		7FED98A22C6D1375004B1D90 /* Question.swift in Sources */ = {isa = PBXBuildFile; fileRef = 7FED98A12C6D1375004B1D90 /* Question.swift */; };
		7FED98A42C6D14E9004B1D90 /* ChoiceTextView.swift in Sources */ = {isa = PBXBuildFile; fileRef = 7FED98A32C6D14E9004B1D90 /* ChoiceTextView.swift */; };
/* End PBXBuildFile section */

/* Begin PBXContainerItemProxy section */
		7FC6D1FA2C5C1F750009B503 /* PBXContainerItemProxy */ = {
			isa = PBXContainerItemProxy;
			containerPortal = 7FC6D1E12C5C1F730009B503 /* Project object */;
			proxyType = 1;
			remoteGlobalIDString = 7FC6D1E82C5C1F730009B503;
			remoteInfo = "Onyx Code";
		};
		7FC6D2042C5C1F750009B503 /* PBXContainerItemProxy */ = {
			isa = PBXContainerItemProxy;
			containerPortal = 7FC6D1E12C5C1F730009B503 /* Project object */;
			proxyType = 1;
			remoteGlobalIDString = 7FC6D1E82C5C1F730009B503;
			remoteInfo = "Onyx Code";
		};
/* End PBXContainerItemProxy section */

/* Begin PBXFileReference section */
		7F0C280D2C78FFDD00D0873B /* OnyxColor.swift */ = {isa = PBXFileReference; lastKnownFileType = sourcecode.swift; path = OnyxColor.swift; sourceTree = "<group>"; };
		7F0C280E2C78FFDD00D0873B /* QuestionButtonView.swift */ = {isa = PBXFileReference; lastKnownFileType = sourcecode.swift; path = QuestionButtonView.swift; sourceTree = "<group>"; };
		7F80A6E82C78CCD000DDD37C /* WelcomeView.swift */ = {isa = PBXFileReference; lastKnownFileType = sourcecode.swift; path = WelcomeView.swift; sourceTree = "<group>"; };
		7F9A82002C70E22D00C3E326 /* Game.swift */ = {isa = PBXFileReference; lastKnownFileType = sourcecode.swift; path = Game.swift; sourceTree = "<group>"; };
		7FC6D1E92C5C1F730009B503 /* Onyx Code.app */ = {isa = PBXFileReference; explicitFileType = wrapper.application; includeInIndex = 0; path = "Onyx Code.app"; sourceTree = BUILT_PRODUCTS_DIR; };
		7FC6D1EC2C5C1F730009B503 /* Onyx_CodeApp.swift */ = {isa = PBXFileReference; lastKnownFileType = sourcecode.swift; path = Onyx_CodeApp.swift; sourceTree = "<group>"; };
		7FC6D1EE2C5C1F730009B503 /* GameView.swift */ = {isa = PBXFileReference; lastKnownFileType = sourcecode.swift; path = GameView.swift; sourceTree = "<group>"; };
		7FC6D1F02C5C1F750009B503 /* Assets.xcassets */ = {isa = PBXFileReference; lastKnownFileType = folder.assetcatalog; path = Assets.xcassets; sourceTree = "<group>"; };
		7FC6D1F32C5C1F750009B503 /* Preview Assets.xcassets */ = {isa = PBXFileReference; lastKnownFileType = folder.assetcatalog; path = "Preview Assets.xcassets"; sourceTree = "<group>"; };
		7FC6D1F92C5C1F750009B503 /* Onyx CodeTests.xctest */ = {isa = PBXFileReference; explicitFileType = wrapper.cfbundle; includeInIndex = 0; path = "Onyx CodeTests.xctest"; sourceTree = BUILT_PRODUCTS_DIR; };
		7FC6D1FD2C5C1F750009B503 /* Onyx_CodeTests.swift */ = {isa = PBXFileReference; lastKnownFileType = sourcecode.swift; path = Onyx_CodeTests.swift; sourceTree = "<group>"; };
		7FC6D2032C5C1F750009B503 /* Onyx CodeUITests.xctest */ = {isa = PBXFileReference; explicitFileType = wrapper.cfbundle; includeInIndex = 0; path = "Onyx CodeUITests.xctest"; sourceTree = BUILT_PRODUCTS_DIR; };
		7FC6D2072C5C1F750009B503 /* Onyx_CodeUITests.swift */ = {isa = PBXFileReference; lastKnownFileType = sourcecode.swift; path = Onyx_CodeUITests.swift; sourceTree = "<group>"; };
		7FC6D2092C5C1F750009B503 /* Onyx_CodeUITestsLaunchTests.swift */ = {isa = PBXFileReference; lastKnownFileType = sourcecode.swift; path = Onyx_CodeUITestsLaunchTests.swift; sourceTree = "<group>"; };
		7FD983DC2C78EB12002705C6 /* QuestionView.swift */ = {isa = PBXFileReference; lastKnownFileType = sourcecode.swift; path = QuestionView.swift; sourceTree = "<group>"; };
		7FD983DE2C78EEE4002705C6 /* BottomTextView.swift */ = {isa = PBXFileReference; lastKnownFileType = sourcecode.swift; path = BottomTextView.swift; sourceTree = "<group>"; };
		7FD983E12C78FA6F002705C6 /* ScoreView.swift */ = {isa = PBXFileReference; lastKnownFileType = sourcecode.swift; path = ScoreView.swift; sourceTree = "<group>"; };
		7FED98A12C6D1375004B1D90 /* Question.swift */ = {isa = PBXFileReference; lastKnownFileType = sourcecode.swift; path = Question.swift; sourceTree = "<group>"; };
		7FED98A32C6D14E9004B1D90 /* ChoiceTextView.swift */ = {isa = PBXFileReference; lastKnownFileType = sourcecode.swift; path = ChoiceTextView.swift; sourceTree = "<group>"; };
/* End PBXFileReference section */

/* Begin PBXFileSystemSynchronizedRootGroup section */
		7FD983D92C78E985002705C6 /* ViewModels */ = {isa = PBXFileSystemSynchronizedRootGroup; explicitFileTypes = {}; explicitFolders = (); path = ViewModels; sourceTree = "<group>"; };
/* End PBXFileSystemSynchronizedRootGroup section */

/* Begin PBXFrameworksBuildPhase section */
		7FC6D1E62C5C1F730009B503 /* Frameworks */ = {
			isa = PBXFrameworksBuildPhase;
			buildActionMask = 2147483647;
			files = (
			);
			runOnlyForDeploymentPostprocessing = 0;
		};
		7FC6D1F62C5C1F750009B503 /* Frameworks */ = {
			isa = PBXFrameworksBuildPhase;
			buildActionMask = 2147483647;
			files = (
			);
			runOnlyForDeploymentPostprocessing = 0;
		};
		7FC6D2002C5C1F750009B503 /* Frameworks */ = {
			isa = PBXFrameworksBuildPhase;
			buildActionMask = 2147483647;
			files = (
			);
			runOnlyForDeploymentPostprocessing = 0;
		};
/* End PBXFrameworksBuildPhase section */

/* Begin PBXGroup section */
		7F9A81FD2C70E09700C3E326 /* Models */ = {
			isa = PBXGroup;
			children = (
				7FED98A12C6D1375004B1D90 /* Question.swift */,
				7F9A82002C70E22D00C3E326 /* Game.swift */,
			);
			path = Models;
			sourceTree = "<group>";
		};
		7F9A81FF2C70E0C000C3E326 /* Views */ = {
			isa = PBXGroup;
			children = (
				7FC6D1EE2C5C1F730009B503 /* GameView.swift */,
				7FED98A32C6D14E9004B1D90 /* ChoiceTextView.swift */,
				7F80A6E82C78CCD000DDD37C /* WelcomeView.swift */,
				7FD983DC2C78EB12002705C6 /* QuestionView.swift */,
				7FD983DE2C78EEE4002705C6 /* BottomTextView.swift */,
				7FD983E12C78FA6F002705C6 /* ScoreView.swift */,
				7F0C280D2C78FFDD00D0873B /* OnyxColor.swift */,
				7F0C280E2C78FFDD00D0873B /* QuestionButtonView.swift */,
			);
			path = Views;
			sourceTree = "<group>";
		};
		7FC6D1E02C5C1F730009B503 = {
			isa = PBXGroup;
			children = (
				7FC6D1EB2C5C1F730009B503 /* Onyx Code */,
				7FC6D1FC2C5C1F750009B503 /* Onyx CodeTests */,
				7FC6D2062C5C1F750009B503 /* Onyx CodeUITests */,
				7FC6D1EA2C5C1F730009B503 /* Products */,
			);
			sourceTree = "<group>";
		};
		7FC6D1EA2C5C1F730009B503 /* Products */ = {
			isa = PBXGroup;
			children = (
				7FC6D1E92C5C1F730009B503 /* Onyx Code.app */,
				7FC6D1F92C5C1F750009B503 /* Onyx CodeTests.xctest */,
				7FC6D2032C5C1F750009B503 /* Onyx CodeUITests.xctest */,
			);
			name = Products;
			sourceTree = "<group>";
		};
		7FC6D1EB2C5C1F730009B503 /* Onyx Code */ = {
			isa = PBXGroup;
			children = (
				7FD983D92C78E985002705C6 /* ViewModels */,
				7F9A81FF2C70E0C000C3E326 /* Views */,
				7F9A81FD2C70E09700C3E326 /* Models */,
				7FC6D1EC2C5C1F730009B503 /* Onyx_CodeApp.swift */,
				7FC6D1F02C5C1F750009B503 /* Assets.xcassets */,
				7FC6D1F22C5C1F750009B503 /* Preview Content */,
			);
			path = "Onyx Code";
			sourceTree = "<group>";
		};
		7FC6D1F22C5C1F750009B503 /* Preview Content */ = {
			isa = PBXGroup;
			children = (
				7FC6D1F32C5C1F750009B503 /* Preview Assets.xcassets */,
			);
			path = "Preview Content";
			sourceTree = "<group>";
		};
		7FC6D1FC2C5C1F750009B503 /* Onyx CodeTests */ = {
			isa = PBXGroup;
			children = (
				7FC6D1FD2C5C1F750009B503 /* Onyx_CodeTests.swift */,
			);
			path = "Onyx CodeTests";
			sourceTree = "<group>";
		};
		7FC6D2062C5C1F750009B503 /* Onyx CodeUITests */ = {
			isa = PBXGroup;
			children = (
				7FC6D2072C5C1F750009B503 /* Onyx_CodeUITests.swift */,
				7FC6D2092C5C1F750009B503 /* Onyx_CodeUITestsLaunchTests.swift */,
			);
			path = "Onyx CodeUITests";
			sourceTree = "<group>";
		};
/* End PBXGroup section */

/* Begin PBXNativeTarget section */
		7FC6D1E82C5C1F730009B503 /* Onyx Code */ = {
			isa = PBXNativeTarget;
			buildConfigurationList = 7FC6D20D2C5C1F750009B503 /* Build configuration list for PBXNativeTarget "Onyx Code" */;
			buildPhases = (
				7FC6D1E52C5C1F730009B503 /* Sources */,
				7FC6D1E62C5C1F730009B503 /* Frameworks */,
				7FC6D1E72C5C1F730009B503 /* Resources */,
			);
			buildRules = (
			);
			dependencies = (
			);
			fileSystemSynchronizedGroups = (
				7FD983D92C78E985002705C6 /* ViewModels */,
			);
			name = "Onyx Code";
			productName = "Onyx Code";
			productReference = 7FC6D1E92C5C1F730009B503 /* Onyx Code.app */;
			productType = "com.apple.product-type.application";
		};
		7FC6D1F82C5C1F750009B503 /* Onyx CodeTests */ = {
			isa = PBXNativeTarget;
			buildConfigurationList = 7FC6D2102C5C1F750009B503 /* Build configuration list for PBXNativeTarget "Onyx CodeTests" */;
			buildPhases = (
				7FC6D1F52C5C1F750009B503 /* Sources */,
				7FC6D1F62C5C1F750009B503 /* Frameworks */,
				7FC6D1F72C5C1F750009B503 /* Resources */,
			);
			buildRules = (
			);
			dependencies = (
				7FC6D1FB2C5C1F750009B503 /* PBXTargetDependency */,
			);
			name = "Onyx CodeTests";
			productName = "Onyx CodeTests";
			productReference = 7FC6D1F92C5C1F750009B503 /* Onyx CodeTests.xctest */;
			productType = "com.apple.product-type.bundle.unit-test";
		};
		7FC6D2022C5C1F750009B503 /* Onyx CodeUITests */ = {
			isa = PBXNativeTarget;
			buildConfigurationList = 7FC6D2132C5C1F750009B503 /* Build configuration list for PBXNativeTarget "Onyx CodeUITests" */;
			buildPhases = (
				7FC6D1FF2C5C1F750009B503 /* Sources */,
				7FC6D2002C5C1F750009B503 /* Frameworks */,
				7FC6D2012C5C1F750009B503 /* Resources */,
			);
			buildRules = (
			);
			dependencies = (
				7FC6D2052C5C1F750009B503 /* PBXTargetDependency */,
			);
			name = "Onyx CodeUITests";
			productName = "Onyx CodeUITests";
			productReference = 7FC6D2032C5C1F750009B503 /* Onyx CodeUITests.xctest */;
			productType = "com.apple.product-type.bundle.ui-testing";
		};
/* End PBXNativeTarget section */

/* Begin PBXProject section */
		7FC6D1E12C5C1F730009B503 /* Project object */ = {
			isa = PBXProject;
			attributes = {
				BuildIndependentTargetsInParallel = 1;
				LastSwiftUpdateCheck = 1600;
				LastUpgradeCheck = 1600;
				TargetAttributes = {
					7FC6D1E82C5C1F730009B503 = {
						CreatedOnToolsVersion = 16.0;
					};
					7FC6D1F82C5C1F750009B503 = {
						CreatedOnToolsVersion = 16.0;
						TestTargetID = 7FC6D1E82C5C1F730009B503;
					};
					7FC6D2022C5C1F750009B503 = {
						CreatedOnToolsVersion = 16.0;
						TestTargetID = 7FC6D1E82C5C1F730009B503;
					};
				};
			};
			buildConfigurationList = 7FC6D1E42C5C1F730009B503 /* Build configuration list for PBXProject "Onyx Code" */;
			compatibilityVersion = "Xcode 15.0";
			developmentRegion = en;
			hasScannedForEncodings = 0;
			knownRegions = (
				en,
				Base,
			);
			mainGroup = 7FC6D1E02C5C1F730009B503;
			productRefGroup = 7FC6D1EA2C5C1F730009B503 /* Products */;
			projectDirPath = "";
			projectRoot = "";
			targets = (
				7FC6D1E82C5C1F730009B503 /* Onyx Code */,
				7FC6D1F82C5C1F750009B503 /* Onyx CodeTests */,
				7FC6D2022C5C1F750009B503 /* Onyx CodeUITests */,
			);
		};
/* End PBXProject section */

/* Begin PBXResourcesBuildPhase section */
		7FC6D1E72C5C1F730009B503 /* Resources */ = {
			isa = PBXResourcesBuildPhase;
			buildActionMask = 2147483647;
			files = (
				7FC6D1F42C5C1F750009B503 /* Preview Assets.xcassets in Resources */,
				7FC6D1F12C5C1F750009B503 /* Assets.xcassets in Resources */,
			);
			runOnlyForDeploymentPostprocessing = 0;
		};
		7FC6D1F72C5C1F750009B503 /* Resources */ = {
			isa = PBXResourcesBuildPhase;
			buildActionMask = 2147483647;
			files = (
			);
			runOnlyForDeploymentPostprocessing = 0;
		};
		7FC6D2012C5C1F750009B503 /* Resources */ = {
			isa = PBXResourcesBuildPhase;
			buildActionMask = 2147483647;
			files = (
			);
			runOnlyForDeploymentPostprocessing = 0;
		};
/* End PBXResourcesBuildPhase section */

/* Begin PBXSourcesBuildPhase section */
		7FC6D1E52C5C1F730009B503 /* Sources */ = {
			isa = PBXSourcesBuildPhase;
			buildActionMask = 2147483647;
			files = (
				7FD983DF2C78EEE4002705C6 /* BottomTextView.swift in Sources */,
				7FED98A22C6D1375004B1D90 /* Question.swift in Sources */,
				7F9A82012C70E22D00C3E326 /* Game.swift in Sources */,
				7F80A6E92C78CCD000DDD37C /* WelcomeView.swift in Sources */,
				7FC6D1EF2C5C1F730009B503 /* GameView.swift in Sources */,
				7FED98A42C6D14E9004B1D90 /* ChoiceTextView.swift in Sources */,
				7F0C280F2C78FFDD00D0873B /* OnyxColor.swift in Sources */,
				7F0C28102C78FFDD00D0873B /* QuestionButtonView.swift in Sources */,
				7FC6D1ED2C5C1F730009B503 /* Onyx_CodeApp.swift in Sources */,
				7FD983DD2C78EB12002705C6 /* QuestionView.swift in Sources */,
				7FD983E22C78FA6F002705C6 /* ScoreView.swift in Sources */,
			);
			runOnlyForDeploymentPostprocessing = 0;
		};
		7FC6D1F52C5C1F750009B503 /* Sources */ = {
			isa = PBXSourcesBuildPhase;
			buildActionMask = 2147483647;
			files = (
				7FC6D1FE2C5C1F750009B503 /* Onyx_CodeTests.swift in Sources */,
			);
			runOnlyForDeploymentPostprocessing = 0;
		};
		7FC6D1FF2C5C1F750009B503 /* Sources */ = {
			isa = PBXSourcesBuildPhase;
			buildActionMask = 2147483647;
			files = (
				7FC6D2082C5C1F750009B503 /* Onyx_CodeUITests.swift in Sources */,
				7FC6D20A2C5C1F750009B503 /* Onyx_CodeUITestsLaunchTests.swift in Sources */,
			);
			runOnlyForDeploymentPostprocessing = 0;
		};
/* End PBXSourcesBuildPhase section */

/* Begin PBXTargetDependency section */
		7FC6D1FB2C5C1F750009B503 /* PBXTargetDependency */ = {
			isa = PBXTargetDependency;
			target = 7FC6D1E82C5C1F730009B503 /* Onyx Code */;
			targetProxy = 7FC6D1FA2C5C1F750009B503 /* PBXContainerItemProxy */;
		};
		7FC6D2052C5C1F750009B503 /* PBXTargetDependency */ = {
			isa = PBXTargetDependency;
			target = 7FC6D1E82C5C1F730009B503 /* Onyx Code */;
			targetProxy = 7FC6D2042C5C1F750009B503 /* PBXContainerItemProxy */;
		};
/* End PBXTargetDependency section */

/* Begin XCBuildConfiguration section */
		7FC6D20B2C5C1F750009B503 /* Debug */ = {
			isa = XCBuildConfiguration;
			buildSettings = {
				ALWAYS_SEARCH_USER_PATHS = NO;
				ASSETCATALOG_COMPILER_GENERATE_SWIFT_ASSET_SYMBOL_EXTENSIONS = YES;
				CLANG_ANALYZER_NONNULL = YES;
				CLANG_ANALYZER_NUMBER_OBJECT_CONVERSION = YES_AGGRESSIVE;
				CLANG_CXX_LANGUAGE_STANDARD = "gnu++20";
				CLANG_ENABLE_MODULES = YES;
				CLANG_ENABLE_OBJC_ARC = YES;
				CLANG_ENABLE_OBJC_WEAK = YES;
				CLANG_WARN_BLOCK_CAPTURE_AUTORELEASING = YES;
				CLANG_WARN_BOOL_CONVERSION = YES;
				CLANG_WARN_COMMA = YES;
				CLANG_WARN_CONSTANT_CONVERSION = YES;
				CLANG_WARN_DEPRECATED_OBJC_IMPLEMENTATIONS = YES;
				CLANG_WARN_DIRECT_OBJC_ISA_USAGE = YES_ERROR;
				CLANG_WARN_DOCUMENTATION_COMMENTS = YES;
				CLANG_WARN_EMPTY_BODY = YES;
				CLANG_WARN_ENUM_CONVERSION = YES;
				CLANG_WARN_INFINITE_RECURSION = YES;
				CLANG_WARN_INT_CONVERSION = YES;
				CLANG_WARN_NON_LITERAL_NULL_CONVERSION = YES;
				CLANG_WARN_OBJC_IMPLICIT_RETAIN_SELF = YES;
				CLANG_WARN_OBJC_LITERAL_CONVERSION = YES;
				CLANG_WARN_OBJC_ROOT_CLASS = YES_ERROR;
				CLANG_WARN_QUOTED_INCLUDE_IN_FRAMEWORK_HEADER = YES;
				CLANG_WARN_RANGE_LOOP_ANALYSIS = YES;
				CLANG_WARN_STRICT_PROTOTYPES = YES;
				CLANG_WARN_SUSPICIOUS_MOVE = YES;
				CLANG_WARN_UNGUARDED_AVAILABILITY = YES_AGGRESSIVE;
				CLANG_WARN_UNREACHABLE_CODE = YES;
				CLANG_WARN__DUPLICATE_METHOD_MATCH = YES;
				COPY_PHASE_STRIP = NO;
				DEBUG_INFORMATION_FORMAT = dwarf;
				ENABLE_STRICT_OBJC_MSGSEND = YES;
				ENABLE_TESTABILITY = YES;
				ENABLE_USER_SCRIPT_SANDBOXING = YES;
				GCC_C_LANGUAGE_STANDARD = gnu17;
				GCC_DYNAMIC_NO_PIC = NO;
				GCC_NO_COMMON_BLOCKS = YES;
				GCC_OPTIMIZATION_LEVEL = 0;
				GCC_PREPROCESSOR_DEFINITIONS = (
					"DEBUG=1",
					"$(inherited)",
				);
				GCC_WARN_64_TO_32_BIT_CONVERSION = YES;
				GCC_WARN_ABOUT_RETURN_TYPE = YES_ERROR;
				GCC_WARN_UNDECLARED_SELECTOR = YES;
				GCC_WARN_UNINITIALIZED_AUTOS = YES_AGGRESSIVE;
				GCC_WARN_UNUSED_FUNCTION = YES;
				GCC_WARN_UNUSED_VARIABLE = YES;
				IPHONEOS_DEPLOYMENT_TARGET = 18.0;
				LOCALIZATION_PREFERS_STRING_CATALOGS = YES;
				MTL_ENABLE_DEBUG_INFO = INCLUDE_SOURCE;
				MTL_FAST_MATH = YES;
				ONLY_ACTIVE_ARCH = YES;
				SDKROOT = iphoneos;
				SWIFT_ACTIVE_COMPILATION_CONDITIONS = "DEBUG $(inherited)";
				SWIFT_OPTIMIZATION_LEVEL = "-Onone";
			};
			name = Debug;
		};
		7FC6D20C2C5C1F750009B503 /* Release */ = {
			isa = XCBuildConfiguration;
			buildSettings = {
				ALWAYS_SEARCH_USER_PATHS = NO;
				ASSETCATALOG_COMPILER_GENERATE_SWIFT_ASSET_SYMBOL_EXTENSIONS = YES;
				CLANG_ANALYZER_NONNULL = YES;
				CLANG_ANALYZER_NUMBER_OBJECT_CONVERSION = YES_AGGRESSIVE;
				CLANG_CXX_LANGUAGE_STANDARD = "gnu++20";
				CLANG_ENABLE_MODULES = YES;
				CLANG_ENABLE_OBJC_ARC = YES;
				CLANG_ENABLE_OBJC_WEAK = YES;
				CLANG_WARN_BLOCK_CAPTURE_AUTORELEASING = YES;
				CLANG_WARN_BOOL_CONVERSION = YES;
				CLANG_WARN_COMMA = YES;
				CLANG_WARN_CONSTANT_CONVERSION = YES;
				CLANG_WARN_DEPRECATED_OBJC_IMPLEMENTATIONS = YES;
				CLANG_WARN_DIRECT_OBJC_ISA_USAGE = YES_ERROR;
				CLANG_WARN_DOCUMENTATION_COMMENTS = YES;
				CLANG_WARN_EMPTY_BODY = YES;
				CLANG_WARN_ENUM_CONVERSION = YES;
				CLANG_WARN_INFINITE_RECURSION = YES;
				CLANG_WARN_INT_CONVERSION = YES;
				CLANG_WARN_NON_LITERAL_NULL_CONVERSION = YES;
				CLANG_WARN_OBJC_IMPLICIT_RETAIN_SELF = YES;
				CLANG_WARN_OBJC_LITERAL_CONVERSION = YES;
				CLANG_WARN_OBJC_ROOT_CLASS = YES_ERROR;
				CLANG_WARN_QUOTED_INCLUDE_IN_FRAMEWORK_HEADER = YES;
				CLANG_WARN_RANGE_LOOP_ANALYSIS = YES;
				CLANG_WARN_STRICT_PROTOTYPES = YES;
				CLANG_WARN_SUSPICIOUS_MOVE = YES;
				CLANG_WARN_UNGUARDED_AVAILABILITY = YES_AGGRESSIVE;
				CLANG_WARN_UNREACHABLE_CODE = YES;
				CLANG_WARN__DUPLICATE_METHOD_MATCH = YES;
				COPY_PHASE_STRIP = NO;
				DEBUG_INFORMATION_FORMAT = "dwarf-with-dsym";
				ENABLE_NS_ASSERTIONS = NO;
				ENABLE_STRICT_OBJC_MSGSEND = YES;
				ENABLE_USER_SCRIPT_SANDBOXING = YES;
				GCC_C_LANGUAGE_STANDARD = gnu17;
				GCC_NO_COMMON_BLOCKS = YES;
				GCC_WARN_64_TO_32_BIT_CONVERSION = YES;
				GCC_WARN_ABOUT_RETURN_TYPE = YES_ERROR;
				GCC_WARN_UNDECLARED_SELECTOR = YES;
				GCC_WARN_UNINITIALIZED_AUTOS = YES_AGGRESSIVE;
				GCC_WARN_UNUSED_FUNCTION = YES;
				GCC_WARN_UNUSED_VARIABLE = YES;
				IPHONEOS_DEPLOYMENT_TARGET = 18.0;
				LOCALIZATION_PREFERS_STRING_CATALOGS = YES;
				MTL_ENABLE_DEBUG_INFO = NO;
				MTL_FAST_MATH = YES;
				SDKROOT = iphoneos;
				SWIFT_COMPILATION_MODE = wholemodule;
				VALIDATE_PRODUCT = YES;
			};
			name = Release;
		};
		7FC6D20E2C5C1F750009B503 /* Debug */ = {
			isa = XCBuildConfiguration;
			buildSettings = {
				ASSETCATALOG_COMPILER_APPICON_NAME = AppIcon;
				ASSETCATALOG_COMPILER_GLOBAL_ACCENT_COLOR_NAME = AccentColor;
				CODE_SIGN_STYLE = Automatic;
				CURRENT_PROJECT_VERSION = 1;
				DEVELOPMENT_ASSET_PATHS = "\"Onyx Code/Preview Content\"";
				DEVELOPMENT_TEAM = K768X7CB7V;
				ENABLE_PREVIEWS = YES;
				GENERATE_INFOPLIST_FILE = YES;
				INFOPLIST_KEY_UIApplicationSceneManifest_Generation = YES;
				INFOPLIST_KEY_UIApplicationSupportsIndirectInputEvents = YES;
				INFOPLIST_KEY_UILaunchScreen_Generation = YES;
				INFOPLIST_KEY_UISupportedInterfaceOrientations_iPad = "UIInterfaceOrientationPortrait UIInterfaceOrientationPortraitUpsideDown UIInterfaceOrientationLandscapeLeft UIInterfaceOrientationLandscapeRight";
				INFOPLIST_KEY_UISupportedInterfaceOrientations_iPhone = "UIInterfaceOrientationPortrait UIInterfaceOrientationLandscapeLeft UIInterfaceOrientationLandscapeRight";
				LD_RUNPATH_SEARCH_PATHS = (
					"$(inherited)",
					"@executable_path/Frameworks",
				);
				MARKETING_VERSION = 1.0;
				PRODUCT_BUNDLE_IDENTIFIER = "com.kaancakir.Onyx-Code";
				PRODUCT_NAME = "$(TARGET_NAME)";
				SWIFT_EMIT_LOC_STRINGS = YES;
				SWIFT_VERSION = 5.0;
				TARGETED_DEVICE_FAMILY = "1,2";
			};
			name = Debug;
		};
		7FC6D20F2C5C1F750009B503 /* Release */ = {
			isa = XCBuildConfiguration;
			buildSettings = {
				ASSETCATALOG_COMPILER_APPICON_NAME = AppIcon;
				ASSETCATALOG_COMPILER_GLOBAL_ACCENT_COLOR_NAME = AccentColor;
				CODE_SIGN_STYLE = Automatic;
				CURRENT_PROJECT_VERSION = 1;
				DEVELOPMENT_ASSET_PATHS = "\"Onyx Code/Preview Content\"";
				DEVELOPMENT_TEAM = K768X7CB7V;
				ENABLE_PREVIEWS = YES;
				GENERATE_INFOPLIST_FILE = YES;
				INFOPLIST_KEY_UIApplicationSceneManifest_Generation = YES;
				INFOPLIST_KEY_UIApplicationSupportsIndirectInputEvents = YES;
				INFOPLIST_KEY_UILaunchScreen_Generation = YES;
				INFOPLIST_KEY_UISupportedInterfaceOrientations_iPad = "UIInterfaceOrientationPortrait UIInterfaceOrientationPortraitUpsideDown UIInterfaceOrientationLandscapeLeft UIInterfaceOrientationLandscapeRight";
				INFOPLIST_KEY_UISupportedInterfaceOrientations_iPhone = "UIInterfaceOrientationPortrait UIInterfaceOrientationLandscapeLeft UIInterfaceOrientationLandscapeRight";
				LD_RUNPATH_SEARCH_PATHS = (
					"$(inherited)",
					"@executable_path/Frameworks",
				);
				MARKETING_VERSION = 1.0;
				PRODUCT_BUNDLE_IDENTIFIER = "com.kaancakir.Onyx-Code";
				PRODUCT_NAME = "$(TARGET_NAME)";
				SWIFT_EMIT_LOC_STRINGS = YES;
				SWIFT_VERSION = 5.0;
				TARGETED_DEVICE_FAMILY = "1,2";
			};
			name = Release;
		};
		7FC6D2112C5C1F750009B503 /* Debug */ = {
			isa = XCBuildConfiguration;
			buildSettings = {
				BUNDLE_LOADER = "$(TEST_HOST)";
				CODE_SIGN_STYLE = Automatic;
				CURRENT_PROJECT_VERSION = 1;
				DEVELOPMENT_TEAM = K768X7CB7V;
				GENERATE_INFOPLIST_FILE = YES;
				IPHONEOS_DEPLOYMENT_TARGET = 18.0;
				MARKETING_VERSION = 1.0;
				PRODUCT_BUNDLE_IDENTIFIER = "com.kaancakir.Onyx-CodeTests";
				PRODUCT_NAME = "$(TARGET_NAME)";
				SWIFT_EMIT_LOC_STRINGS = NO;
				SWIFT_VERSION = 5.0;
				TARGETED_DEVICE_FAMILY = "1,2";
				TEST_HOST = "$(BUILT_PRODUCTS_DIR)/Onyx Code.app/$(BUNDLE_EXECUTABLE_FOLDER_PATH)/Onyx Code";
			};
			name = Debug;
		};
		7FC6D2122C5C1F750009B503 /* Release */ = {
			isa = XCBuildConfiguration;
			buildSettings = {
				BUNDLE_LOADER = "$(TEST_HOST)";
				CODE_SIGN_STYLE = Automatic;
				CURRENT_PROJECT_VERSION = 1;
				DEVELOPMENT_TEAM = K768X7CB7V;
				GENERATE_INFOPLIST_FILE = YES;
				IPHONEOS_DEPLOYMENT_TARGET = 18.0;
				MARKETING_VERSION = 1.0;
				PRODUCT_BUNDLE_IDENTIFIER = "com.kaancakir.Onyx-CodeTests";
				PRODUCT_NAME = "$(TARGET_NAME)";
				SWIFT_EMIT_LOC_STRINGS = NO;
				SWIFT_VERSION = 5.0;
				TARGETED_DEVICE_FAMILY = "1,2";
				TEST_HOST = "$(BUILT_PRODUCTS_DIR)/Onyx Code.app/$(BUNDLE_EXECUTABLE_FOLDER_PATH)/Onyx Code";
			};
			name = Release;
		};
		7FC6D2142C5C1F750009B503 /* Debug */ = {
			isa = XCBuildConfiguration;
			buildSettings = {
				CODE_SIGN_STYLE = Automatic;
				CURRENT_PROJECT_VERSION = 1;
				DEVELOPMENT_TEAM = K768X7CB7V;
				GENERATE_INFOPLIST_FILE = YES;
				MARKETING_VERSION = 1.0;
				PRODUCT_BUNDLE_IDENTIFIER = "com.kaancakir.Onyx-CodeUITests";
				PRODUCT_NAME = "$(TARGET_NAME)";
				SWIFT_EMIT_LOC_STRINGS = NO;
				SWIFT_VERSION = 5.0;
				TARGETED_DEVICE_FAMILY = "1,2";
				TEST_TARGET_NAME = "Onyx Code";
			};
			name = Debug;
		};
		7FC6D2152C5C1F750009B503 /* Release */ = {
			isa = XCBuildConfiguration;
			buildSettings = {
				CODE_SIGN_STYLE = Automatic;
				CURRENT_PROJECT_VERSION = 1;
				DEVELOPMENT_TEAM = K768X7CB7V;
				GENERATE_INFOPLIST_FILE = YES;
				MARKETING_VERSION = 1.0;
				PRODUCT_BUNDLE_IDENTIFIER = "com.kaancakir.Onyx-CodeUITests";
				PRODUCT_NAME = "$(TARGET_NAME)";
				SWIFT_EMIT_LOC_STRINGS = NO;
				SWIFT_VERSION = 5.0;
				TARGETED_DEVICE_FAMILY = "1,2";
				TEST_TARGET_NAME = "Onyx Code";
			};
			name = Release;
		};
/* End XCBuildConfiguration section */

/* Begin XCConfigurationList section */
		7FC6D1E42C5C1F730009B503 /* Build configuration list for PBXProject "Onyx Code" */ = {
			isa = XCConfigurationList;
			buildConfigurations = (
				7FC6D20B2C5C1F750009B503 /* Debug */,
				7FC6D20C2C5C1F750009B503 /* Release */,
			);
			defaultConfigurationIsVisible = 0;
			defaultConfigurationName = Release;
		};
		7FC6D20D2C5C1F750009B503 /* Build configuration list for PBXNativeTarget "Onyx Code" */ = {
			isa = XCConfigurationList;
			buildConfigurations = (
				7FC6D20E2C5C1F750009B503 /* Debug */,
				7FC6D20F2C5C1F750009B503 /* Release */,
			);
			defaultConfigurationIsVisible = 0;
			defaultConfigurationName = Release;
		};
		7FC6D2102C5C1F750009B503 /* Build configuration list for PBXNativeTarget "Onyx CodeTests" */ = {
			isa = XCConfigurationList;
			buildConfigurations = (
				7FC6D2112C5C1F750009B503 /* Debug */,
				7FC6D2122C5C1F750009B503 /* Release */,
			);
			defaultConfigurationIsVisible = 0;
			defaultConfigurationName = Release;
		};
		7FC6D2132C5C1F750009B503 /* Build configuration list for PBXNativeTarget "Onyx CodeUITests" */ = {
			isa = XCConfigurationList;
			buildConfigurations = (
				7FC6D2142C5C1F750009B503 /* Debug */,
				7FC6D2152C5C1F750009B503 /* Release */,
			);
			defaultConfigurationIsVisible = 0;
			defaultConfigurationName = Release;
		};
/* End XCConfigurationList section */
	};
	rootObject = 7FC6D1E12C5C1F730009B503 /* Project object */;
}
